// !$*UTF8*$!
{
	archiveVersion = 1;
	classes = {
	};
	objectVersion = 56;
	objects = {

/* Begin PBXBuildFile section */
		C7BD3D3E29E6624C0031AFE7 /* MessagebotApp.swift in Sources */ = {isa = PBXBuildFile; fileRef = C7BD3D3D29E6624C0031AFE7 /* MessagebotApp.swift */; };
		C7BD3D4029E6624C0031AFE7 /* ContentView.swift in Sources */ = {isa = PBXBuildFile; fileRef = C7BD3D3F29E6624C0031AFE7 /* ContentView.swift */; };
		C7BD3D4229E6624E0031AFE7 /* Assets.xcassets in Resources */ = {isa = PBXBuildFile; fileRef = C7BD3D4129E6624E0031AFE7 /* Assets.xcassets */; };
		C7BD3D4529E6624E0031AFE7 /* Preview Assets.xcassets in Resources */ = {isa = PBXBuildFile; fileRef = C7BD3D4429E6624E0031AFE7 /* Preview Assets.xcassets */; };
		C7BD3D5029E6624E0031AFE7 /* MessagebotTests.swift in Sources */ = {isa = PBXBuildFile; fileRef = C7BD3D4F29E6624E0031AFE7 /* MessagebotTests.swift */; };
		C7BD3D5A29E6624E0031AFE7 /* MessagebotUITests.swift in Sources */ = {isa = PBXBuildFile; fileRef = C7BD3D5929E6624E0031AFE7 /* MessagebotUITests.swift */; };
		C7BD3D5C29E6624F0031AFE7 /* MessagebotUITestsLaunchTests.swift in Sources */ = {isa = PBXBuildFile; fileRef = C7BD3D5B29E6624F0031AFE7 /* MessagebotUITestsLaunchTests.swift */; };
/* End PBXBuildFile section */

/* Begin PBXContainerItemProxy section */
		C7BD3D4C29E6624E0031AFE7 /* PBXContainerItemProxy */ = {
			isa = PBXContainerItemProxy;
			containerPortal = C7BD3D3229E6624C0031AFE7 /* Project object */;
			proxyType = 1;
			remoteGlobalIDString = C7BD3D3929E6624C0031AFE7;
			remoteInfo = Messagebot;
		};
		C7BD3D5629E6624E0031AFE7 /* PBXContainerItemProxy */ = {
			isa = PBXContainerItemProxy;
			containerPortal = C7BD3D3229E6624C0031AFE7 /* Project object */;
			proxyType = 1;
			remoteGlobalIDString = C7BD3D3929E6624C0031AFE7;
			remoteInfo = Messagebot;
		};
/* End PBXContainerItemProxy section */

/* Begin PBXFileReference section */
		C7BD3D3A29E6624C0031AFE7 /* Messagebot.app */ = {isa = PBXFileReference; explicitFileType = wrapper.application; includeInIndex = 0; path = Messagebot.app; sourceTree = BUILT_PRODUCTS_DIR; };
		C7BD3D3D29E6624C0031AFE7 /* MessagebotApp.swift */ = {isa = PBXFileReference; lastKnownFileType = sourcecode.swift; path = MessagebotApp.swift; sourceTree = "<group>"; };
		C7BD3D3F29E6624C0031AFE7 /* ContentView.swift */ = {isa = PBXFileReference; lastKnownFileType = sourcecode.swift; path = ContentView.swift; sourceTree = "<group>"; };
		C7BD3D4129E6624E0031AFE7 /* Assets.xcassets */ = {isa = PBXFileReference; lastKnownFileType = folder.assetcatalog; path = Assets.xcassets; sourceTree = "<group>"; };
		C7BD3D4429E6624E0031AFE7 /* Preview Assets.xcassets */ = {isa = PBXFileReference; lastKnownFileType = folder.assetcatalog; path = "Preview Assets.xcassets"; sourceTree = "<group>"; };
		C7BD3D4629E6624E0031AFE7 /* Messagebot.entitlements */ = {isa = PBXFileReference; lastKnownFileType = text.plist.entitlements; path = Messagebot.entitlements; sourceTree = "<group>"; };
		C7BD3D4B29E6624E0031AFE7 /* MessagebotTests.xctest */ = {isa = PBXFileReference; explicitFileType = wrapper.cfbundle; includeInIndex = 0; path = MessagebotTests.xctest; sourceTree = BUILT_PRODUCTS_DIR; };
		C7BD3D4F29E6624E0031AFE7 /* MessagebotTests.swift */ = {isa = PBXFileReference; lastKnownFileType = sourcecode.swift; path = MessagebotTests.swift; sourceTree = "<group>"; };
		C7BD3D5529E6624E0031AFE7 /* MessagebotUITests.xctest */ = {isa = PBXFileReference; explicitFileType = wrapper.cfbundle; includeInIndex = 0; path = MessagebotUITests.xctest; sourceTree = BUILT_PRODUCTS_DIR; };
		C7BD3D5929E6624E0031AFE7 /* MessagebotUITests.swift */ = {isa = PBXFileReference; lastKnownFileType = sourcecode.swift; path = MessagebotUITests.swift; sourceTree = "<group>"; };
		C7BD3D5B29E6624F0031AFE7 /* MessagebotUITestsLaunchTests.swift */ = {isa = PBXFileReference; lastKnownFileType = sourcecode.swift; path = MessagebotUITestsLaunchTests.swift; sourceTree = "<group>"; };
/* End PBXFileReference section */

/* Begin PBXFrameworksBuildPhase section */
		C7BD3D3729E6624C0031AFE7 /* Frameworks */ = {
			isa = PBXFrameworksBuildPhase;
			buildActionMask = 2147483647;
			files = (
			);
			runOnlyForDeploymentPostprocessing = 0;
		};
		C7BD3D4829E6624E0031AFE7 /* Frameworks */ = {
			isa = PBXFrameworksBuildPhase;
			buildActionMask = 2147483647;
			files = (
			);
			runOnlyForDeploymentPostprocessing = 0;
		};
		C7BD3D5229E6624E0031AFE7 /* Frameworks */ = {
			isa = PBXFrameworksBuildPhase;
			buildActionMask = 2147483647;
			files = (
			);
			runOnlyForDeploymentPostprocessing = 0;
		};
/* End PBXFrameworksBuildPhase section */

/* Begin PBXGroup section */
		C7BD3D3129E6624C0031AFE7 = {
			isa = PBXGroup;
			children = (
				C7BD3D3C29E6624C0031AFE7 /* Messagebot */,
				C7BD3D4E29E6624E0031AFE7 /* MessagebotTests */,
				C7BD3D5829E6624E0031AFE7 /* MessagebotUITests */,
				C7BD3D3B29E6624C0031AFE7 /* Products */,
			);
			sourceTree = "<group>";
		};
		C7BD3D3B29E6624C0031AFE7 /* Products */ = {
			isa = PBXGroup;
			children = (
				C7BD3D3A29E6624C0031AFE7 /* Messagebot.app */,
				C7BD3D4B29E6624E0031AFE7 /* MessagebotTests.xctest */,
				C7BD3D5529E6624E0031AFE7 /* MessagebotUITests.xctest */,
			);
			name = Products;
			sourceTree = "<group>";
		};
		C7BD3D3C29E6624C0031AFE7 /* Messagebot */ = {
			isa = PBXGroup;
			children = (
				C7BD3D3D29E6624C0031AFE7 /* MessagebotApp.swift */,
				C7BD3D3F29E6624C0031AFE7 /* ContentView.swift */,
				C7BD3D4129E6624E0031AFE7 /* Assets.xcassets */,
				C7BD3D4629E6624E0031AFE7 /* Messagebot.entitlements */,
				C7BD3D4329E6624E0031AFE7 /* Preview Content */,
			);
			path = Messagebot;
			sourceTree = "<group>";
		};
		C7BD3D4329E6624E0031AFE7 /* Preview Content */ = {
			isa = PBXGroup;
			children = (
				C7BD3D4429E6624E0031AFE7 /* Preview Assets.xcassets */,
			);
			path = "Preview Content";
			sourceTree = "<group>";
		};
		C7BD3D4E29E6624E0031AFE7 /* MessagebotTests */ = {
			isa = PBXGroup;
			children = (
				C7BD3D4F29E6624E0031AFE7 /* MessagebotTests.swift */,
			);
			path = MessagebotTests;
			sourceTree = "<group>";
		};
		C7BD3D5829E6624E0031AFE7 /* MessagebotUITests */ = {
			isa = PBXGroup;
			children = (
				C7BD3D5929E6624E0031AFE7 /* MessagebotUITests.swift */,
				C7BD3D5B29E6624F0031AFE7 /* MessagebotUITestsLaunchTests.swift */,
			);
			path = MessagebotUITests;
			sourceTree = "<group>";
		};
/* End PBXGroup section */

/* Begin PBXNativeTarget section */
		C7BD3D3929E6624C0031AFE7 /* Messagebot */ = {
			isa = PBXNativeTarget;
			buildConfigurationList = C7BD3D5F29E6624F0031AFE7 /* Build configuration list for PBXNativeTarget "Messagebot" */;
			buildPhases = (
				C7BD3D3629E6624C0031AFE7 /* Sources */,
				C7BD3D3729E6624C0031AFE7 /* Frameworks */,
				C7BD3D3829E6624C0031AFE7 /* Resources */,
			);
			buildRules = (
			);
			dependencies = (
			);
			name = Messagebot;
			productName = Messagebot;
			productReference = C7BD3D3A29E6624C0031AFE7 /* Messagebot.app */;
			productType = "com.apple.product-type.application";
		};
		C7BD3D4A29E6624E0031AFE7 /* MessagebotTests */ = {
			isa = PBXNativeTarget;
			buildConfigurationList = C7BD3D6229E6624F0031AFE7 /* Build configuration list for PBXNativeTarget "MessagebotTests" */;
			buildPhases = (
				C7BD3D4729E6624E0031AFE7 /* Sources */,
				C7BD3D4829E6624E0031AFE7 /* Frameworks */,
				C7BD3D4929E6624E0031AFE7 /* Resources */,
			);
			buildRules = (
			);
			dependencies = (
				C7BD3D4D29E6624E0031AFE7 /* PBXTargetDependency */,
			);
			name = MessagebotTests;
			productName = MessagebotTests;
			productReference = C7BD3D4B29E6624E0031AFE7 /* MessagebotTests.xctest */;
			productType = "com.apple.product-type.bundle.unit-test";
		};
		C7BD3D5429E6624E0031AFE7 /* MessagebotUITests */ = {
			isa = PBXNativeTarget;
			buildConfigurationList = C7BD3D6529E6624F0031AFE7 /* Build configuration list for PBXNativeTarget "MessagebotUITests" */;
			buildPhases = (
				C7BD3D5129E6624E0031AFE7 /* Sources */,
				C7BD3D5229E6624E0031AFE7 /* Frameworks */,
				C7BD3D5329E6624E0031AFE7 /* Resources */,
			);
			buildRules = (
			);
			dependencies = (
				C7BD3D5729E6624E0031AFE7 /* PBXTargetDependency */,
			);
			name = MessagebotUITests;
			productName = MessagebotUITests;
			productReference = C7BD3D5529E6624E0031AFE7 /* MessagebotUITests.xctest */;
			productType = "com.apple.product-type.bundle.ui-testing";
		};
/* End PBXNativeTarget section */

/* Begin PBXProject section */
		C7BD3D3229E6624C0031AFE7 /* Project object */ = {
			isa = PBXProject;
			attributes = {
				BuildIndependentTargetsInParallel = 1;
				LastSwiftUpdateCheck = 1430;
				LastUpgradeCheck = 1430;
				TargetAttributes = {
					C7BD3D3929E6624C0031AFE7 = {
						CreatedOnToolsVersion = 14.3;
					};
					C7BD3D4A29E6624E0031AFE7 = {
						CreatedOnToolsVersion = 14.3;
						TestTargetID = C7BD3D3929E6624C0031AFE7;
					};
					C7BD3D5429E6624E0031AFE7 = {
						CreatedOnToolsVersion = 14.3;
						TestTargetID = C7BD3D3929E6624C0031AFE7;
					};
				};
			};
			buildConfigurationList = C7BD3D3529E6624C0031AFE7 /* Build configuration list for PBXProject "Messagebot" */;
			compatibilityVersion = "Xcode 14.0";
			developmentRegion = en;
			hasScannedForEncodings = 0;
			knownRegions = (
				en,
				Base,
			);
			mainGroup = C7BD3D3129E6624C0031AFE7;
			productRefGroup = C7BD3D3B29E6624C0031AFE7 /* Products */;
			projectDirPath = "";
			projectRoot = "";
			targets = (
				C7BD3D3929E6624C0031AFE7 /* Messagebot */,
				C7BD3D4A29E6624E0031AFE7 /* MessagebotTests */,
				C7BD3D5429E6624E0031AFE7 /* MessagebotUITests */,
			);
		};
/* End PBXProject section */

/* Begin PBXResourcesBuildPhase section */
		C7BD3D3829E6624C0031AFE7 /* Resources */ = {
			isa = PBXResourcesBuildPhase;
			buildActionMask = 2147483647;
			files = (
				C7BD3D4529E6624E0031AFE7 /* Preview Assets.xcassets in Resources */,
				C7BD3D4229E6624E0031AFE7 /* Assets.xcassets in Resources */,
			);
			runOnlyForDeploymentPostprocessing = 0;
		};
		C7BD3D4929E6624E0031AFE7 /* Resources */ = {
			isa = PBXResourcesBuildPhase;
			buildActionMask = 2147483647;
			files = (
			);
			runOnlyForDeploymentPostprocessing = 0;
		};
		C7BD3D5329E6624E0031AFE7 /* Resources */ = {
			isa = PBXResourcesBuildPhase;
			buildActionMask = 2147483647;
			files = (
			);
			runOnlyForDeploymentPostprocessing = 0;
		};
/* End PBXResourcesBuildPhase section */

/* Begin PBXSourcesBuildPhase section */
		C7BD3D3629E6624C0031AFE7 /* Sources */ = {
			isa = PBXSourcesBuildPhase;
			buildActionMask = 2147483647;
			files = (
				C7BD3D4029E6624C0031AFE7 /* ContentView.swift in Sources */,
				C7BD3D3E29E6624C0031AFE7 /* MessagebotApp.swift in Sources */,
			);
			runOnlyForDeploymentPostprocessing = 0;
		};
		C7BD3D4729E6624E0031AFE7 /* Sources */ = {
			isa = PBXSourcesBuildPhase;
			buildActionMask = 2147483647;
			files = (
				C7BD3D5029E6624E0031AFE7 /* MessagebotTests.swift in Sources */,
			);
			runOnlyForDeploymentPostprocessing = 0;
		};
		C7BD3D5129E6624E0031AFE7 /* Sources */ = {
			isa = PBXSourcesBuildPhase;
			buildActionMask = 2147483647;
			files = (
				C7BD3D5C29E6624F0031AFE7 /* MessagebotUITestsLaunchTests.swift in Sources */,
				C7BD3D5A29E6624E0031AFE7 /* MessagebotUITests.swift in Sources */,
			);
			runOnlyForDeploymentPostprocessing = 0;
		};
/* End PBXSourcesBuildPhase section */

/* Begin PBXTargetDependency section */
		C7BD3D4D29E6624E0031AFE7 /* PBXTargetDependency */ = {
			isa = PBXTargetDependency;
			target = C7BD3D3929E6624C0031AFE7 /* Messagebot */;
			targetProxy = C7BD3D4C29E6624E0031AFE7 /* PBXContainerItemProxy */;
		};
		C7BD3D5729E6624E0031AFE7 /* PBXTargetDependency */ = {
			isa = PBXTargetDependency;
			target = C7BD3D3929E6624C0031AFE7 /* Messagebot */;
			targetProxy = C7BD3D5629E6624E0031AFE7 /* PBXContainerItemProxy */;
		};
/* End PBXTargetDependency section */

/* Begin XCBuildConfiguration section */
		C7BD3D5D29E6624F0031AFE7 /* Debug */ = {
			isa = XCBuildConfiguration;
			buildSettings = {
				ALWAYS_SEARCH_USER_PATHS = NO;
				CLANG_ANALYZER_NONNULL = YES;
				CLANG_ANALYZER_NUMBER_OBJECT_CONVERSION = YES_AGGRESSIVE;
				CLANG_CXX_LANGUAGE_STANDARD = "gnu++20";
				CLANG_ENABLE_MODULES = YES;
				CLANG_ENABLE_OBJC_ARC = YES;
				CLANG_ENABLE_OBJC_WEAK = YES;
				CLANG_WARN_BLOCK_CAPTURE_AUTORELEASING = YES;
				CLANG_WARN_BOOL_CONVERSION = YES;
				CLANG_WARN_COMMA = YES;
				CLANG_WARN_CONSTANT_CONVERSION = YES;
				CLANG_WARN_DEPRECATED_OBJC_IMPLEMENTATIONS = YES;
				CLANG_WARN_DIRECT_OBJC_ISA_USAGE = YES_ERROR;
				CLANG_WARN_DOCUMENTATION_COMMENTS = YES;
				CLANG_WARN_EMPTY_BODY = YES;
				CLANG_WARN_ENUM_CONVERSION = YES;
				CLANG_WARN_INFINITE_RECURSION = YES;
				CLANG_WARN_INT_CONVERSION = YES;
				CLANG_WARN_NON_LITERAL_NULL_CONVERSION = YES;
				CLANG_WARN_OBJC_IMPLICIT_RETAIN_SELF = YES;
				CLANG_WARN_OBJC_LITERAL_CONVERSION = YES;
				CLANG_WARN_OBJC_ROOT_CLASS = YES_ERROR;
				CLANG_WARN_QUOTED_INCLUDE_IN_FRAMEWORK_HEADER = YES;
				CLANG_WARN_RANGE_LOOP_ANALYSIS = YES;
				CLANG_WARN_STRICT_PROTOTYPES = YES;
				CLANG_WARN_SUSPICIOUS_MOVE = YES;
				CLANG_WARN_UNGUARDED_AVAILABILITY = YES_AGGRESSIVE;
				CLANG_WARN_UNREACHABLE_CODE = YES;
				CLANG_WARN__DUPLICATE_METHOD_MATCH = YES;
				COPY_PHASE_STRIP = NO;
				DEBUG_INFORMATION_FORMAT = dwarf;
				ENABLE_STRICT_OBJC_MSGSEND = YES;
				ENABLE_TESTABILITY = YES;
				GCC_C_LANGUAGE_STANDARD = gnu11;
				GCC_DYNAMIC_NO_PIC = NO;
				GCC_NO_COMMON_BLOCKS = YES;
				GCC_OPTIMIZATION_LEVEL = 0;
				GCC_PREPROCESSOR_DEFINITIONS = (
					"DEBUG=1",
					"$(inherited)",
				);
				GCC_WARN_64_TO_32_BIT_CONVERSION = YES;
				GCC_WARN_ABOUT_RETURN_TYPE = YES_ERROR;
				GCC_WARN_UNDECLARED_SELECTOR = YES;
				GCC_WARN_UNINITIALIZED_AUTOS = YES_AGGRESSIVE;
				GCC_WARN_UNUSED_FUNCTION = YES;
				GCC_WARN_UNUSED_VARIABLE = YES;
				MACOSX_DEPLOYMENT_TARGET = 13.1;
				MTL_ENABLE_DEBUG_INFO = INCLUDE_SOURCE;
				MTL_FAST_MATH = YES;
				ONLY_ACTIVE_ARCH = YES;
				SDKROOT = macosx;
				SWIFT_ACTIVE_COMPILATION_CONDITIONS = DEBUG;
				SWIFT_OPTIMIZATION_LEVEL = "-Onone";
			};
			name = Debug;
		};
		C7BD3D5E29E6624F0031AFE7 /* Release */ = {
			isa = XCBuildConfiguration;
			buildSettings = {
				ALWAYS_SEARCH_USER_PATHS = NO;
				CLANG_ANALYZER_NONNULL = YES;
				CLANG_ANALYZER_NUMBER_OBJECT_CONVERSION = YES_AGGRESSIVE;
				CLANG_CXX_LANGUAGE_STANDARD = "gnu++20";
				CLANG_ENABLE_MODULES = YES;
				CLANG_ENABLE_OBJC_ARC = YES;
				CLANG_ENABLE_OBJC_WEAK = YES;
				CLANG_WARN_BLOCK_CAPTURE_AUTORELEASING = YES;
				CLANG_WARN_BOOL_CONVERSION = YES;
				CLANG_WARN_COMMA = YES;
				CLANG_WARN_CONSTANT_CONVERSION = YES;
				CLANG_WARN_DEPRECATED_OBJC_IMPLEMENTATIONS = YES;
				CLANG_WARN_DIRECT_OBJC_ISA_USAGE = YES_ERROR;
				CLANG_WARN_DOCUMENTATION_COMMENTS = YES;
				CLANG_WARN_EMPTY_BODY = YES;
				CLANG_WARN_ENUM_CONVERSION = YES;
				CLANG_WARN_INFINITE_RECURSION = YES;
				CLANG_WARN_INT_CONVERSION = YES;
				CLANG_WARN_NON_LITERAL_NULL_CONVERSION = YES;
				CLANG_WARN_OBJC_IMPLICIT_RETAIN_SELF = YES;
				CLANG_WARN_OBJC_LITERAL_CONVERSION = YES;
				CLANG_WARN_OBJC_ROOT_CLASS = YES_ERROR;
				CLANG_WARN_QUOTED_INCLUDE_IN_FRAMEWORK_HEADER = YES;
				CLANG_WARN_RANGE_LOOP_ANALYSIS = YES;
				CLANG_WARN_STRICT_PROTOTYPES = YES;
				CLANG_WARN_SUSPICIOUS_MOVE = YES;
				CLANG_WARN_UNGUARDED_AVAILABILITY = YES_AGGRESSIVE;
				CLANG_WARN_UNREACHABLE_CODE = YES;
				CLANG_WARN__DUPLICATE_METHOD_MATCH = YES;
				COPY_PHASE_STRIP = NO;
				DEBUG_INFORMATION_FORMAT = "dwarf-with-dsym";
				ENABLE_NS_ASSERTIONS = NO;
				ENABLE_STRICT_OBJC_MSGSEND = YES;
				GCC_C_LANGUAGE_STANDARD = gnu11;
				GCC_NO_COMMON_BLOCKS = YES;
				GCC_WARN_64_TO_32_BIT_CONVERSION = YES;
				GCC_WARN_ABOUT_RETURN_TYPE = YES_ERROR;
				GCC_WARN_UNDECLARED_SELECTOR = YES;
				GCC_WARN_UNINITIALIZED_AUTOS = YES_AGGRESSIVE;
				GCC_WARN_UNUSED_FUNCTION = YES;
				GCC_WARN_UNUSED_VARIABLE = YES;
				MACOSX_DEPLOYMENT_TARGET = 13.1;
				MTL_ENABLE_DEBUG_INFO = NO;
				MTL_FAST_MATH = YES;
				SDKROOT = macosx;
				SWIFT_COMPILATION_MODE = wholemodule;
				SWIFT_OPTIMIZATION_LEVEL = "-O";
			};
			name = Release;
		};
		C7BD3D6029E6624F0031AFE7 /* Debug */ = {
			isa = XCBuildConfiguration;
			buildSettings = {
				ASSETCATALOG_COMPILER_APPICON_NAME = AppIcon;
				ASSETCATALOG_COMPILER_GLOBAL_ACCENT_COLOR_NAME = AccentColor;
				CODE_SIGN_ENTITLEMENTS = Messagebot/Messagebot.entitlements;
				CODE_SIGN_STYLE = Automatic;
				COMBINE_HIDPI_IMAGES = YES;
				CURRENT_PROJECT_VERSION = 1;
				DEVELOPMENT_ASSET_PATHS = "\"Messagebot/Preview Content\"";
				ENABLE_HARDENED_RUNTIME = NO;
				ENABLE_PREVIEWS = YES;
				GENERATE_INFOPLIST_FILE = YES;
				INFOPLIST_KEY_NSHumanReadableCopyright = "";
				LD_RUNPATH_SEARCH_PATHS = (
					"$(inherited)",
					"@executable_path/../Frameworks",
				);
				MARKETING_VERSION = 1.0;
				PRODUCT_BUNDLE_IDENTIFIER = Gautam.Messagebot;
				PRODUCT_NAME = "$(TARGET_NAME)";
				SWIFT_EMIT_LOC_STRINGS = YES;
				SWIFT_VERSION = 5.0;
			};
			name = Debug;
		};
		C7BD3D6129E6624F0031AFE7 /* Release */ = {
			isa = XCBuildConfiguration;
			buildSettings = {
				ASSETCATALOG_COMPILER_APPICON_NAME = AppIcon;
				ASSETCATALOG_COMPILER_GLOBAL_ACCENT_COLOR_NAME = AccentColor;
				CODE_SIGN_ENTITLEMENTS = Messagebot/Messagebot.entitlements;
				CODE_SIGN_STYLE = Automatic;
				COMBINE_HIDPI_IMAGES = YES;
				CURRENT_PROJECT_VERSION = 1;
				DEVELOPMENT_ASSET_PATHS = "\"Messagebot/Preview Content\"";
				ENABLE_HARDENED_RUNTIME = NO;
				ENABLE_PREVIEWS = YES;
				GENERATE_INFOPLIST_FILE = YES;
				INFOPLIST_KEY_NSHumanReadableCopyright = "";
				LD_RUNPATH_SEARCH_PATHS = (
					"$(inherited)",
					"@executable_path/../Frameworks",
				);
				MARKETING_VERSION = 1.0;
				PRODUCT_BUNDLE_IDENTIFIER = Gautam.Messagebot;
				PRODUCT_NAME = "$(TARGET_NAME)";
				SWIFT_EMIT_LOC_STRINGS = YES;
				SWIFT_VERSION = 5.0;
			};
			name = Release;
		};
		C7BD3D6329E6624F0031AFE7 /* Debug */ = {
			isa = XCBuildConfiguration;
			buildSettings = {
				ALWAYS_EMBED_SWIFT_STANDARD_LIBRARIES = YES;
				BUNDLE_LOADER = "$(TEST_HOST)";
				CODE_SIGN_STYLE = Automatic;
				CURRENT_PROJECT_VERSION = 1;
				GENERATE_INFOPLIST_FILE = YES;
				MACOSX_DEPLOYMENT_TARGET = 13.1;
				MARKETING_VERSION = 1.0;
				PRODUCT_BUNDLE_IDENTIFIER = Gautam.MessagebotTests;
				PRODUCT_NAME = "$(TARGET_NAME)";
				SWIFT_EMIT_LOC_STRINGS = NO;
				SWIFT_VERSION = 5.0;
				TEST_HOST = "$(BUILT_PRODUCTS_DIR)/Messagebot.app/$(BUNDLE_EXECUTABLE_FOLDER_PATH)/Messagebot";
			};
			name = Debug;
		};
		C7BD3D6429E6624F0031AFE7 /* Release */ = {
			isa = XCBuildConfiguration;
			buildSettings = {
				ALWAYS_EMBED_SWIFT_STANDARD_LIBRARIES = YES;
				BUNDLE_LOADER = "$(TEST_HOST)";
				CODE_SIGN_STYLE = Automatic;
				CURRENT_PROJECT_VERSION = 1;
				GENERATE_INFOPLIST_FILE = YES;
				MACOSX_DEPLOYMENT_TARGET = 13.1;
				MARKETING_VERSION = 1.0;
				PRODUCT_BUNDLE_IDENTIFIER = Gautam.MessagebotTests;
				PRODUCT_NAME = "$(TARGET_NAME)";
				SWIFT_EMIT_LOC_STRINGS = NO;
				SWIFT_VERSION = 5.0;
				TEST_HOST = "$(BUILT_PRODUCTS_DIR)/Messagebot.app/$(BUNDLE_EXECUTABLE_FOLDER_PATH)/Messagebot";
			};
			name = Release;
		};
		C7BD3D6629E6624F0031AFE7 /* Debug */ = {
			isa = XCBuildConfiguration;
			buildSettings = {
				ALWAYS_EMBED_SWIFT_STANDARD_LIBRARIES = YES;
				CODE_SIGN_STYLE = Automatic;
				CURRENT_PROJECT_VERSION = 1;
				GENERATE_INFOPLIST_FILE = YES;
				MARKETING_VERSION = 1.0;
				PRODUCT_BUNDLE_IDENTIFIER = Gautam.MessagebotUITests;
				PRODUCT_NAME = "$(TARGET_NAME)";
				SWIFT_EMIT_LOC_STRINGS = NO;
				SWIFT_VERSION = 5.0;
				TEST_TARGET_NAME = Messagebot;
			};
			name = Debug;
		};
		C7BD3D6729E6624F0031AFE7 /* Release */ = {
			isa = XCBuildConfiguration;
			buildSettings = {
				ALWAYS_EMBED_SWIFT_STANDARD_LIBRARIES = YES;
				CODE_SIGN_STYLE = Automatic;
				CURRENT_PROJECT_VERSION = 1;
				GENERATE_INFOPLIST_FILE = YES;
				MARKETING_VERSION = 1.0;
				PRODUCT_BUNDLE_IDENTIFIER = Gautam.MessagebotUITests;
				PRODUCT_NAME = "$(TARGET_NAME)";
				SWIFT_EMIT_LOC_STRINGS = NO;
				SWIFT_VERSION = 5.0;
				TEST_TARGET_NAME = Messagebot;
			};
			name = Release;
		};
/* End XCBuildConfiguration section */

/* Begin XCConfigurationList section */
		C7BD3D3529E6624C0031AFE7 /* Build configuration list for PBXProject "Messagebot" */ = {
			isa = XCConfigurationList;
			buildConfigurations = (
				C7BD3D5D29E6624F0031AFE7 /* Debug */,
				C7BD3D5E29E6624F0031AFE7 /* Release */,
			);
			defaultConfigurationIsVisible = 0;
			defaultConfigurationName = Release;
		};
		C7BD3D5F29E6624F0031AFE7 /* Build configuration list for PBXNativeTarget "Messagebot" */ = {
			isa = XCConfigurationList;
			buildConfigurations = (
				C7BD3D6029E6624F0031AFE7 /* Debug */,
				C7BD3D6129E6624F0031AFE7 /* Release */,
			);
			defaultConfigurationIsVisible = 0;
			defaultConfigurationName = Release;
		};
		C7BD3D6229E6624F0031AFE7 /* Build configuration list for PBXNativeTarget "MessagebotTests" */ = {
			isa = XCConfigurationList;
			buildConfigurations = (
				C7BD3D6329E6624F0031AFE7 /* Debug */,
				C7BD3D6429E6624F0031AFE7 /* Release */,
			);
			defaultConfigurationIsVisible = 0;
			defaultConfigurationName = Release;
		};
		C7BD3D6529E6624F0031AFE7 /* Build configuration list for PBXNativeTarget "MessagebotUITests" */ = {
			isa = XCConfigurationList;
			buildConfigurations = (
				C7BD3D6629E6624F0031AFE7 /* Debug */,
				C7BD3D6729E6624F0031AFE7 /* Release */,
			);
			defaultConfigurationIsVisible = 0;
			defaultConfigurationName = Release;
		};
/* End XCConfigurationList section */
	};
	rootObject = C7BD3D3229E6624C0031AFE7 /* Project object */;
}
